
Microsoft Visual Studio Solution File, Format Version 12.00
# Visual Studio Version 16
VisualStudioVersion = 16.0.29613.14
MinimumVisualStudioVersion = 15.0.26124.0
Project("{9A19103F-16F7-4668-BE54-9A1E7A4F7556}") = "Cliente.Application", "Cliente.Application\Cliente.Application.csproj", "{5F4204D8-3991-4331-98F8-E957C4115F35}"
EndProject
Project("{9A19103F-16F7-4668-BE54-9A1E7A4F7556}") = "Cliente.Specs", "Cliente.Specs\Cliente.Specs.csproj", "{CF2DA141-9CBD-42F4-B7F3-809292E59B19}"
EndProject
Project("{FAE04EC0-301F-11D3-BF4B-00C04F79EFBC}") = "Cliente.RabbitMQAdapter", "Cliente.RabbitMQAdapter\Cliente.RabbitMQAdapter.csproj", "{D696E49A-A5E6-46B8-8E84-AD8EB7FAA70E}"
EndProject
Project("{FAE04EC0-301F-11D3-BF4B-00C04F79EFBC}") = "Cliente.Infra.IoC", "Cliente.Infra.IoC\Cliente.Infra.IoC.csproj", "{51612E94-1A47-4E3D-BDF9-5067CDC185C6}"
EndProject
Project("{FAE04EC0-301F-11D3-BF4B-00C04F79EFBC}") = "Cliente.Infra.Data", "Cliente.Infra.Data\Cliente.Infra.Data.csproj", "{A9F9E9CA-8829-4C47-AEF4-D6200B7988B3}"
EndProject
Project("{FAE04EC0-301F-11D3-BF4B-00C04F79EFBC}") = "Cliente.Infra.Bus", "Cliente.Infra.Bus\Cliente.Infra.Bus.csproj", "{131410BE-6767-4D98-9294-26227770C102}"
EndProject
Global
	GlobalSection(SolutionConfigurationPlatforms) = preSolution
		Debug|Any CPU = Debug|Any CPU
		Debug|x64 = Debug|x64
		Debug|x86 = Debug|x86
		Release|Any CPU = Release|Any CPU
		Release|x64 = Release|x64
		Release|x86 = Release|x86
	EndGlobalSection
	GlobalSection(ProjectConfigurationPlatforms) = postSolution
		{5F4204D8-3991-4331-98F8-E957C4115F35}.Debug|Any CPU.ActiveCfg = Debug|Any CPU
		{5F4204D8-3991-4331-98F8-E957C4115F35}.Debug|Any CPU.Build.0 = Debug|Any CPU
		{5F4204D8-3991-4331-98F8-E957C4115F35}.Debug|x64.ActiveCfg = Debug|Any CPU
		{5F4204D8-3991-4331-98F8-E957C4115F35}.Debug|x64.Build.0 = Debug|Any CPU
		{5F4204D8-3991-4331-98F8-E957C4115F35}.Debug|x86.ActiveCfg = Debug|Any CPU
		{5F4204D8-3991-4331-98F8-E957C4115F35}.Debug|x86.Build.0 = Debug|Any CPU
		{5F4204D8-3991-4331-98F8-E957C4115F35}.Release|Any CPU.ActiveCfg = Release|Any CPU
		{5F4204D8-3991-4331-98F8-E957C4115F35}.Release|Any CPU.Build.0 = Release|Any CPU
		{5F4204D8-3991-4331-98F8-E957C4115F35}.Release|x64.ActiveCfg = Release|Any CPU
		{5F4204D8-3991-4331-98F8-E957C4115F35}.Release|x64.Build.0 = Release|Any CPU
		{5F4204D8-3991-4331-98F8-E957C4115F35}.Release|x86.ActiveCfg = Release|Any CPU
		{5F4204D8-3991-4331-98F8-E957C4115F35}.Release|x86.Build.0 = Release|Any CPU
		{CF2DA141-9CBD-42F4-B7F3-809292E59B19}.Debug|Any CPU.ActiveCfg = Debug|Any CPU
		{CF2DA141-9CBD-42F4-B7F3-809292E59B19}.Debug|Any CPU.Build.0 = Debug|Any CPU
		{CF2DA141-9CBD-42F4-B7F3-809292E59B19}.Debug|x64.ActiveCfg = Debug|Any CPU
		{CF2DA141-9CBD-42F4-B7F3-809292E59B19}.Debug|x64.Build.0 = Debug|Any CPU
		{CF2DA141-9CBD-42F4-B7F3-809292E59B19}.Debug|x86.ActiveCfg = Debug|Any CPU
		{CF2DA141-9CBD-42F4-B7F3-809292E59B19}.Debug|x86.Build.0 = Debug|Any CPU
		{CF2DA141-9CBD-42F4-B7F3-809292E59B19}.Release|Any CPU.ActiveCfg = Release|Any CPU
		{CF2DA141-9CBD-42F4-B7F3-809292E59B19}.Release|Any CPU.Build.0 = Release|Any CPU
		{CF2DA141-9CBD-42F4-B7F3-809292E59B19}.Release|x64.ActiveCfg = Release|Any CPU
		{CF2DA141-9CBD-42F4-B7F3-809292E59B19}.Release|x64.Build.0 = Release|Any CPU
		{CF2DA141-9CBD-42F4-B7F3-809292E59B19}.Release|x86.ActiveCfg = Release|Any CPU
		{CF2DA141-9CBD-42F4-B7F3-809292E59B19}.Release|x86.Build.0 = Release|Any CPU
		{D696E49A-A5E6-46B8-8E84-AD8EB7FAA70E}.Debug|Any CPU.ActiveCfg = Debug|Any CPU
		{D696E49A-A5E6-46B8-8E84-AD8EB7FAA70E}.Debug|Any CPU.Build.0 = Debug|Any CPU
		{D696E49A-A5E6-46B8-8E84-AD8EB7FAA70E}.Debug|x64.ActiveCfg = Debug|Any CPU
		{D696E49A-A5E6-46B8-8E84-AD8EB7FAA70E}.Debug|x64.Build.0 = Debug|Any CPU
		{D696E49A-A5E6-46B8-8E84-AD8EB7FAA70E}.Debug|x86.ActiveCfg = Debug|Any CPU
		{D696E49A-A5E6-46B8-8E84-AD8EB7FAA70E}.Debug|x86.Build.0 = Debug|Any CPU
		{D696E49A-A5E6-46B8-8E84-AD8EB7FAA70E}.Release|Any CPU.ActiveCfg = Release|Any CPU
		{D696E49A-A5E6-46B8-8E84-AD8EB7FAA70E}.Release|Any CPU.Build.0 = Release|Any CPU
		{D696E49A-A5E6-46B8-8E84-AD8EB7FAA70E}.Release|x64.ActiveCfg = Release|Any CPU
		{D696E49A-A5E6-46B8-8E84-AD8EB7FAA70E}.Release|x64.Build.0 = Release|Any CPU
		{D696E49A-A5E6-46B8-8E84-AD8EB7FAA70E}.Release|x86.ActiveCfg = Release|Any CPU
		{D696E49A-A5E6-46B8-8E84-AD8EB7FAA70E}.Release|x86.Build.0 = Release|Any CPU
		{51612E94-1A47-4E3D-BDF9-5067CDC185C6}.Debug|Any CPU.ActiveCfg = Debug|Any CPU
		{51612E94-1A47-4E3D-BDF9-5067CDC185C6}.Debug|Any CPU.Build.0 = Debug|Any CPU
		{51612E94-1A47-4E3D-BDF9-5067CDC185C6}.Debug|x64.ActiveCfg = Debug|Any CPU
		{51612E94-1A47-4E3D-BDF9-5067CDC185C6}.Debug|x64.Build.0 = Debug|Any CPU
		{51612E94-1A47-4E3D-BDF9-5067CDC185C6}.Debug|x86.ActiveCfg = Debug|Any CPU
		{51612E94-1A47-4E3D-BDF9-5067CDC185C6}.Debug|x86.Build.0 = Debug|Any CPU
		{51612E94-1A47-4E3D-BDF9-5067CDC185C6}.Release|Any CPU.ActiveCfg = Release|Any CPU
		{51612E94-1A47-4E3D-BDF9-5067CDC185C6}.Release|Any CPU.Build.0 = Release|Any CPU
		{51612E94-1A47-4E3D-BDF9-5067CDC185C6}.Release|x64.ActiveCfg = Release|Any CPU
		{51612E94-1A47-4E3D-BDF9-5067CDC185C6}.Release|x64.Build.0 = Release|Any CPU
		{51612E94-1A47-4E3D-BDF9-5067CDC185C6}.Release|x86.ActiveCfg = Release|Any CPU
		{51612E94-1A47-4E3D-BDF9-5067CDC185C6}.Release|x86.Build.0 = Release|Any CPU
		{A9F9E9CA-8829-4C47-AEF4-D6200B7988B3}.Debug|Any CPU.ActiveCfg = Debug|Any CPU
		{A9F9E9CA-8829-4C47-AEF4-D6200B7988B3}.Debug|Any CPU.Build.0 = Debug|Any CPU
		{A9F9E9CA-8829-4C47-AEF4-D6200B7988B3}.Debug|x64.ActiveCfg = Debug|Any CPU
		{A9F9E9CA-8829-4C47-AEF4-D6200B7988B3}.Debug|x64.Build.0 = Debug|Any CPU
		{A9F9E9CA-8829-4C47-AEF4-D6200B7988B3}.Debug|x86.ActiveCfg = Debug|Any CPU
		{A9F9E9CA-8829-4C47-AEF4-D6200B7988B3}.Debug|x86.Build.0 = Debug|Any CPU
		{A9F9E9CA-8829-4C47-AEF4-D6200B7988B3}.Release|Any CPU.ActiveCfg = Release|Any CPU
		{A9F9E9CA-8829-4C47-AEF4-D6200B7988B3}.Release|Any CPU.Build.0 = Release|Any CPU
		{A9F9E9CA-8829-4C47-AEF4-D6200B7988B3}.Release|x64.ActiveCfg = Release|Any CPU
		{A9F9E9CA-8829-4C47-AEF4-D6200B7988B3}.Release|x64.Build.0 = Release|Any CPU
		{A9F9E9CA-8829-4C47-AEF4-D6200B7988B3}.Release|x86.ActiveCfg = Release|Any CPU
		{A9F9E9CA-8829-4C47-AEF4-D6200B7988B3}.Release|x86.Build.0 = Release|Any CPU
		{131410BE-6767-4D98-9294-26227770C102}.Debug|Any CPU.ActiveCfg = Debug|Any CPU
		{131410BE-6767-4D98-9294-26227770C102}.Debug|Any CPU.Build.0 = Debug|Any CPU
		{131410BE-6767-4D98-9294-26227770C102}.Debug|x64.ActiveCfg = Debug|Any CPU
		{131410BE-6767-4D98-9294-26227770C102}.Debug|x64.Build.0 = Debug|Any CPU
		{131410BE-6767-4D98-9294-26227770C102}.Debug|x86.ActiveCfg = Debug|Any CPU
		{131410BE-6767-4D98-9294-26227770C102}.Debug|x86.Build.0 = Debug|Any CPU
		{131410BE-6767-4D98-9294-26227770C102}.Release|Any CPU.ActiveCfg = Release|Any CPU
		{131410BE-6767-4D98-9294-26227770C102}.Release|Any CPU.Build.0 = Release|Any CPU
		{131410BE-6767-4D98-9294-26227770C102}.Release|x64.ActiveCfg = Release|Any CPU
		{131410BE-6767-4D98-9294-26227770C102}.Release|x64.Build.0 = Release|Any CPU
		{131410BE-6767-4D98-9294-26227770C102}.Release|x86.ActiveCfg = Release|Any CPU
		{131410BE-6767-4D98-9294-26227770C102}.Release|x86.Build.0 = Release|Any CPU
	EndGlobalSection
	GlobalSection(SolutionProperties) = preSolution
		HideSolutionNode = FALSE
	EndGlobalSection
	GlobalSection(NestedProjects) = preSolution
		{5F4204D8-3991-4331-98F8-E957C4115F35} = {5662CAAF-C248-4821-BA42-F9285686866B}
		{CF2DA141-9CBD-42F4-B7F3-809292E59B19} = {5662CAAF-C248-4821-BA42-F9285686866B}
		{D696E49A-A5E6-46B8-8E84-AD8EB7FAA70E} = {5662CAAF-C248-4821-BA42-F9285686866B}
		{51612E94-1A47-4E3D-BDF9-5067CDC185C6} = {5662CAAF-C248-4821-BA42-F9285686866B}
		{A9F9E9CA-8829-4C47-AEF4-D6200B7988B3} = {5662CAAF-C248-4821-BA42-F9285686866B}
		{131410BE-6767-4D98-9294-26227770C102} = {5662CAAF-C248-4821-BA42-F9285686866B}
	EndGlobalSection
	GlobalSection(ExtensibilityGlobals) = postSolution
		SolutionGuid = {BC44938D-A766-4AE2-BFE3-43F29E1C19AF}
	EndGlobalSection
EndGlobal
